
Microsoft Visual Studio Solution File, Format Version 12.00
# Visual Studio 2013
VisualStudioVersion = 12.0.40629.0
MinimumVisualStudioVersion = 10.0.40219.1
Project("{FAE04EC0-301F-11D3-BF4B-00C04F79EFBC}") = "HelloWorld", "HelloWorld\HelloWorld.csproj", "{4ABFD86E-C710-4CED-AF8D-E8E8B31A3920}"
EndProject
Project("{FAE04EC0-301F-11D3-BF4B-00C04F79EFBC}") = "HelloWorldTests", "HelloWorldTests\HelloWorldTests.csproj", "{96D50730-3A88-4EFB-BCD8-63C43E3B809C}"
EndProject
Project("{2150E333-8FDC-42A3-9474-1A3956D46DE8}") = ".nuget", ".nuget", "{9EEA6A82-24EF-40DB-9B60-25AA3A2333C3}"
	ProjectSection(SolutionItems) = preProject
		.nuget\NuGet.Config = .nuget\NuGet.Config
		.nuget\NuGet.exe = .nuget\NuGet.exe
		.nuget\NuGet.targets = .nuget\NuGet.targets
	EndProjectSection
EndProject
Global
	GlobalSection(SolutionConfigurationPlatforms) = preSolution
		Debug|Any CPU = Debug|Any CPU
		Release|Any CPU = Release|Any CPU
	EndGlobalSection
	GlobalSection(ProjectConfigurationPlatforms) = postSolution
		{4ABFD86E-C710-4CED-AF8D-E8E8B31A3920}.Debug|Any CPU.ActiveCfg = Debug|Any CPU
		{4ABFD86E-C710-4CED-AF8D-E8E8B31A3920}.Debug|Any CPU.Build.0 = Debug|Any CPU
		{4ABFD86E-C710-4CED-AF8D-E8E8B31A3920}.Release|Any CPU.ActiveCfg = Release|Any CPU
		{4ABFD86E-C710-4CED-AF8D-E8E8B31A3920}.Release|Any CPU.Build.0 = Release|Any CPU
		{96D50730-3A88-4EFB-BCD8-63C43E3B809C}.Debug|Any CPU.ActiveCfg = Debug|Any CPU
		{96D50730-3A88-4EFB-BCD8-63C43E3B809C}.Debug|Any CPU.Build.0 = Debug|Any CPU
		{96D50730-3A88-4EFB-BCD8-63C43E3B809C}.Release|Any CPU.ActiveCfg = Release|Any CPU
		{96D50730-3A88-4EFB-BCD8-63C43E3B809C}.Release|Any CPU.Build.0 = Release|Any CPU
	EndGlobalSection
	GlobalSection(SolutionProperties) = preSolution
		HideSolutionNode = FALSE
	EndGlobalSection
EndGlobal
